// !$*UTF8*$!
{
	archiveVersion = 1;
	classes = {
	};
	objectVersion = 46;
	objects = {

/* Begin PBXBuildFile section */
		AC11464E1C354DB7002F6596 /* DAO.swift in Sources */ = {isa = PBXBuildFile; fileRef = AC11464D1C354DB7002F6596 /* DAO.swift */; };
		AC538D4C1C4974C300373095 /* CaxetaTests.swift in Sources */ = {isa = PBXBuildFile; fileRef = AC538D4B1C4974C300373095 /* CaxetaTests.swift */; };
		AC8372991C316152007578DA /* AppDelegate.swift in Sources */ = {isa = PBXBuildFile; fileRef = AC8372981C316152007578DA /* AppDelegate.swift */; };
		AC83729B1C316152007578DA /* ViewController.swift in Sources */ = {isa = PBXBuildFile; fileRef = AC83729A1C316152007578DA /* ViewController.swift */; };
		AC83729E1C316152007578DA /* Main.storyboard in Resources */ = {isa = PBXBuildFile; fileRef = AC83729C1C316152007578DA /* Main.storyboard */; };
		AC8372A01C316152007578DA /* Assets.xcassets in Resources */ = {isa = PBXBuildFile; fileRef = AC83729F1C316152007578DA /* Assets.xcassets */; };
		AC8372A31C316152007578DA /* LaunchScreen.storyboard in Resources */ = {isa = PBXBuildFile; fileRef = AC8372A11C316152007578DA /* LaunchScreen.storyboard */; };
		AC8372AB1C316D9F007578DA /* PlayerTableViewCell.swift in Sources */ = {isa = PBXBuildFile; fileRef = AC8372AA1C316D9F007578DA /* PlayerTableViewCell.swift */; };
		AC8372AD1C317579007578DA /* Player.swift in Sources */ = {isa = PBXBuildFile; fileRef = AC8372AC1C317579007578DA /* Player.swift */; };
		ACB83C331C3AC96F00DB3603 /* Localizable.strings in Resources */ = {isa = PBXBuildFile; fileRef = ACB83C351C3AC96F00DB3603 /* Localizable.strings */; };
		ACC0C63C1C43B456007E0138 /* UIScrollView+EmptyDataSet.m in Sources */ = {isa = PBXBuildFile; fileRef = ACC0C63B1C43B456007E0138 /* UIScrollView+EmptyDataSet.m */; };
		ACC1E62F1C35B521005B3DB1 /* GameViewController.swift in Sources */ = {isa = PBXBuildFile; fileRef = ACC1E62E1C35B521005B3DB1 /* GameViewController.swift */; };
		ACC1E6311C35B899005B3DB1 /* GameTableViewCell.swift in Sources */ = {isa = PBXBuildFile; fileRef = ACC1E6301C35B899005B3DB1 /* GameTableViewCell.swift */; };
/* End PBXBuildFile section */

/* Begin PBXContainerItemProxy section */
		AC538D4E1C4974C300373095 /* PBXContainerItemProxy */ = {
			isa = PBXContainerItemProxy;
			containerPortal = AC83728D1C316152007578DA /* Project object */;
			proxyType = 1;
			remoteGlobalIDString = AC8372941C316152007578DA;
			remoteInfo = Caxeta;
		};
/* End PBXContainerItemProxy section */

/* Begin PBXFileReference section */
		AC11464D1C354DB7002F6596 /* DAO.swift */ = {isa = PBXFileReference; fileEncoding = 4; lastKnownFileType = sourcecode.swift; path = DAO.swift; sourceTree = "<group>"; };
		AC538D491C4974C300373095 /* CaxetaTests.xctest */ = {isa = PBXFileReference; explicitFileType = wrapper.cfbundle; includeInIndex = 0; path = CaxetaTests.xctest; sourceTree = BUILT_PRODUCTS_DIR; };
		AC538D4B1C4974C300373095 /* CaxetaTests.swift */ = {isa = PBXFileReference; lastKnownFileType = sourcecode.swift; path = CaxetaTests.swift; sourceTree = "<group>"; };
		AC538D4D1C4974C300373095 /* Info.plist */ = {isa = PBXFileReference; lastKnownFileType = text.plist.xml; path = Info.plist; sourceTree = "<group>"; };
		AC8372951C316152007578DA /* Caxeta.app */ = {isa = PBXFileReference; explicitFileType = wrapper.application; includeInIndex = 0; path = Caxeta.app; sourceTree = BUILT_PRODUCTS_DIR; };
		AC8372981C316152007578DA /* AppDelegate.swift */ = {isa = PBXFileReference; lastKnownFileType = sourcecode.swift; path = AppDelegate.swift; sourceTree = "<group>"; };
		AC83729A1C316152007578DA /* ViewController.swift */ = {isa = PBXFileReference; lastKnownFileType = sourcecode.swift; path = ViewController.swift; sourceTree = "<group>"; };
		AC83729D1C316152007578DA /* Base */ = {isa = PBXFileReference; lastKnownFileType = file.storyboard; name = Base; path = Base.lproj/Main.storyboard; sourceTree = "<group>"; };
		AC83729F1C316152007578DA /* Assets.xcassets */ = {isa = PBXFileReference; lastKnownFileType = folder.assetcatalog; path = Assets.xcassets; sourceTree = "<group>"; };
		AC8372A21C316152007578DA /* Base */ = {isa = PBXFileReference; lastKnownFileType = file.storyboard; name = Base; path = Base.lproj/LaunchScreen.storyboard; sourceTree = "<group>"; };
		AC8372A41C316152007578DA /* Info.plist */ = {isa = PBXFileReference; lastKnownFileType = text.plist.xml; path = Info.plist; sourceTree = "<group>"; };
		AC8372AA1C316D9F007578DA /* PlayerTableViewCell.swift */ = {isa = PBXFileReference; fileEncoding = 4; lastKnownFileType = sourcecode.swift; path = PlayerTableViewCell.swift; sourceTree = "<group>"; };
		AC8372AC1C317579007578DA /* Player.swift */ = {isa = PBXFileReference; fileEncoding = 4; lastKnownFileType = sourcecode.swift; path = Player.swift; sourceTree = "<group>"; };
		ACB83C301C3AC8E200DB3603 /* pt-BR */ = {isa = PBXFileReference; lastKnownFileType = text.plist.strings; name = "pt-BR"; path = "pt-BR.lproj/LaunchScreen.strings"; sourceTree = "<group>"; };
		ACB83C341C3AC96F00DB3603 /* Base */ = {isa = PBXFileReference; lastKnownFileType = text.plist.strings; name = Base; path = Base.lproj/Localizable.strings; sourceTree = "<group>"; };
		ACB83C381C3AC9CA00DB3603 /* pt-BR */ = {isa = PBXFileReference; lastKnownFileType = text.plist.strings; name = "pt-BR"; path = "pt-BR.lproj/Localizable.strings"; sourceTree = "<group>"; };
		ACC0C6381C42EE3A007E0138 /* pt-BR */ = {isa = PBXFileReference; lastKnownFileType = text.plist.strings; name = "pt-BR"; path = "pt-BR.lproj/Main.strings"; sourceTree = "<group>"; };
		ACC0C6391C43B455007E0138 /* Caxeta-Bridging-Header.h */ = {isa = PBXFileReference; lastKnownFileType = sourcecode.c.h; path = "Caxeta-Bridging-Header.h"; sourceTree = "<group>"; };
		ACC0C63A1C43B456007E0138 /* UIScrollView+EmptyDataSet.h */ = {isa = PBXFileReference; fileEncoding = 4; lastKnownFileType = sourcecode.c.h; path = "UIScrollView+EmptyDataSet.h"; sourceTree = "<group>"; };
		ACC0C63B1C43B456007E0138 /* UIScrollView+EmptyDataSet.m */ = {isa = PBXFileReference; fileEncoding = 4; lastKnownFileType = sourcecode.c.objc; path = "UIScrollView+EmptyDataSet.m"; sourceTree = "<group>"; };
		ACC1E62E1C35B521005B3DB1 /* GameViewController.swift */ = {isa = PBXFileReference; fileEncoding = 4; lastKnownFileType = sourcecode.swift; path = GameViewController.swift; sourceTree = "<group>"; };
		ACC1E6301C35B899005B3DB1 /* GameTableViewCell.swift */ = {isa = PBXFileReference; fileEncoding = 4; lastKnownFileType = sourcecode.swift; path = GameTableViewCell.swift; sourceTree = "<group>"; };
/* End PBXFileReference section */

/* Begin PBXFrameworksBuildPhase section */
		AC538D461C4974C300373095 /* Frameworks */ = {
			isa = PBXFrameworksBuildPhase;
			buildActionMask = 2147483647;
			files = (
			);
			runOnlyForDeploymentPostprocessing = 0;
		};
		AC8372921C316152007578DA /* Frameworks */ = {
			isa = PBXFrameworksBuildPhase;
			buildActionMask = 2147483647;
			files = (
			);
			runOnlyForDeploymentPostprocessing = 0;
		};
/* End PBXFrameworksBuildPhase section */

/* Begin PBXGroup section */
		AC538D4A1C4974C300373095 /* CaxetaTests */ = {
			isa = PBXGroup;
			children = (
				AC538D4B1C4974C300373095 /* CaxetaTests.swift */,
				AC538D4D1C4974C300373095 /* Info.plist */,
			);
			path = CaxetaTests;
			sourceTree = "<group>";
		};
		AC83728C1C316152007578DA = {
			isa = PBXGroup;
			children = (
				AC8372971C316152007578DA /* Caxeta */,
				AC538D4A1C4974C300373095 /* CaxetaTests */,
				AC8372961C316152007578DA /* Products */,
			);
			sourceTree = "<group>";
		};
		AC8372961C316152007578DA /* Products */ = {
			isa = PBXGroup;
			children = (
				AC8372951C316152007578DA /* Caxeta.app */,
				AC538D491C4974C300373095 /* CaxetaTests.xctest */,
			);
			name = Products;
			sourceTree = "<group>";
		};
		AC8372971C316152007578DA /* Caxeta */ = {
			isa = PBXGroup;
			children = (
				ACC0C63A1C43B456007E0138 /* UIScrollView+EmptyDataSet.h */,
				ACC0C63B1C43B456007E0138 /* UIScrollView+EmptyDataSet.m */,
				AC8372981C316152007578DA /* AppDelegate.swift */,
				AC83729A1C316152007578DA /* ViewController.swift */,
				AC83729C1C316152007578DA /* Main.storyboard */,
				AC83729F1C316152007578DA /* Assets.xcassets */,
				AC8372A11C316152007578DA /* LaunchScreen.storyboard */,
				AC8372A41C316152007578DA /* Info.plist */,
				AC8372AA1C316D9F007578DA /* PlayerTableViewCell.swift */,
				AC8372AC1C317579007578DA /* Player.swift */,
				AC11464D1C354DB7002F6596 /* DAO.swift */,
				ACC1E62E1C35B521005B3DB1 /* GameViewController.swift */,
				ACC1E6301C35B899005B3DB1 /* GameTableViewCell.swift */,
				ACB83C351C3AC96F00DB3603 /* Localizable.strings */,
				ACC0C6391C43B455007E0138 /* Caxeta-Bridging-Header.h */,
			);
			path = Caxeta;
			sourceTree = "<group>";
		};
/* End PBXGroup section */

/* Begin PBXNativeTarget section */
		AC538D481C4974C300373095 /* CaxetaTests */ = {
			isa = PBXNativeTarget;
			buildConfigurationList = AC538D521C4974C300373095 /* Build configuration list for PBXNativeTarget "CaxetaTests" */;
			buildPhases = (
				AC538D451C4974C300373095 /* Sources */,
				AC538D461C4974C300373095 /* Frameworks */,
				AC538D471C4974C300373095 /* Resources */,
			);
			buildRules = (
			);
			dependencies = (
				AC538D4F1C4974C300373095 /* PBXTargetDependency */,
			);
			name = CaxetaTests;
			productName = CaxetaTests;
			productReference = AC538D491C4974C300373095 /* CaxetaTests.xctest */;
			productType = "com.apple.product-type.bundle.unit-test";
		};
		AC8372941C316152007578DA /* Caxeta */ = {
			isa = PBXNativeTarget;
			buildConfigurationList = AC8372A71C316152007578DA /* Build configuration list for PBXNativeTarget "Caxeta" */;
			buildPhases = (
				AC8372911C316152007578DA /* Sources */,
				AC8372921C316152007578DA /* Frameworks */,
				AC8372931C316152007578DA /* Resources */,
				AC6B7B211C4EA276002F8D2C /* ShellScript */,
			);
			buildRules = (
			);
			dependencies = (
			);
			name = Caxeta;
			productName = Caxeta;
			productReference = AC8372951C316152007578DA /* Caxeta.app */;
			productType = "com.apple.product-type.application";
		};
/* End PBXNativeTarget section */

/* Begin PBXProject section */
		AC83728D1C316152007578DA /* Project object */ = {
			isa = PBXProject;
			attributes = {
				LastSwiftUpdateCheck = 0720;
				LastUpgradeCheck = 0720;
				ORGANIZATIONNAME = "Alexandre Possebom";
				TargetAttributes = {
					AC538D481C4974C300373095 = {
						CreatedOnToolsVersion = 7.2;
						DevelopmentTeam = 768CJJBSVP;
						TestTargetID = AC8372941C316152007578DA;
					};
					AC8372941C316152007578DA = {
						CreatedOnToolsVersion = 7.2;
						DevelopmentTeam = 768CJJBSVP;
					};
				};
			};
			buildConfigurationList = AC8372901C316152007578DA /* Build configuration list for PBXProject "Caxeta" */;
			compatibilityVersion = "Xcode 3.2";
			developmentRegion = English;
			hasScannedForEncodings = 0;
			knownRegions = (
				en,
				Base,
				"pt-BR",
			);
			mainGroup = AC83728C1C316152007578DA;
			productRefGroup = AC8372961C316152007578DA /* Products */;
			projectDirPath = "";
			projectRoot = "";
			targets = (
				AC8372941C316152007578DA /* Caxeta */,
				AC538D481C4974C300373095 /* CaxetaTests */,
			);
		};
/* End PBXProject section */

/* Begin PBXResourcesBuildPhase section */
		AC538D471C4974C300373095 /* Resources */ = {
			isa = PBXResourcesBuildPhase;
			buildActionMask = 2147483647;
			files = (
			);
			runOnlyForDeploymentPostprocessing = 0;
		};
		AC8372931C316152007578DA /* Resources */ = {
			isa = PBXResourcesBuildPhase;
			buildActionMask = 2147483647;
			files = (
				AC8372A31C316152007578DA /* LaunchScreen.storyboard in Resources */,
				ACB83C331C3AC96F00DB3603 /* Localizable.strings in Resources */,
				AC8372A01C316152007578DA /* Assets.xcassets in Resources */,
				AC83729E1C316152007578DA /* Main.storyboard in Resources */,
			);
			runOnlyForDeploymentPostprocessing = 0;
		};
/* End PBXResourcesBuildPhase section */

/* Begin PBXShellScriptBuildPhase section */
		AC6B7B211C4EA276002F8D2C /* ShellScript */ = {
			isa = PBXShellScriptBuildPhase;
			buildActionMask = 2147483647;
			files = (
			);
			inputPaths = (
			);
			outputPaths = (
			);
			runOnlyForDeploymentPostprocessing = 0;
			shellPath = /bin/sh;
			shellScript = "if which swiftlint >/dev/null; then\nswiftlint\nelse\necho \"SwiftLint does not exist, download from https://github.com/realm/SwiftLint\"\nfi";
		};
/* End PBXShellScriptBuildPhase section */

/* Begin PBXSourcesBuildPhase section */
		AC538D451C4974C300373095 /* Sources */ = {
			isa = PBXSourcesBuildPhase;
			buildActionMask = 2147483647;
			files = (
				AC538D4C1C4974C300373095 /* CaxetaTests.swift in Sources */,
			);
			runOnlyForDeploymentPostprocessing = 0;
		};
		AC8372911C316152007578DA /* Sources */ = {
			isa = PBXSourcesBuildPhase;
			buildActionMask = 2147483647;
			files = (
				ACC1E6311C35B899005B3DB1 /* GameTableViewCell.swift in Sources */,
				AC8372AB1C316D9F007578DA /* PlayerTableViewCell.swift in Sources */,
				AC8372AD1C317579007578DA /* Player.swift in Sources */,
				AC83729B1C316152007578DA /* ViewController.swift in Sources */,
				AC8372991C316152007578DA /* AppDelegate.swift in Sources */,
				ACC1E62F1C35B521005B3DB1 /* GameViewController.swift in Sources */,
				ACC0C63C1C43B456007E0138 /* UIScrollView+EmptyDataSet.m in Sources */,
				AC11464E1C354DB7002F6596 /* DAO.swift in Sources */,
			);
			runOnlyForDeploymentPostprocessing = 0;
		};
/* End PBXSourcesBuildPhase section */

/* Begin PBXTargetDependency section */
		AC538D4F1C4974C300373095 /* PBXTargetDependency */ = {
			isa = PBXTargetDependency;
			target = AC8372941C316152007578DA /* Caxeta */;
			targetProxy = AC538D4E1C4974C300373095 /* PBXContainerItemProxy */;
		};
/* End PBXTargetDependency section */

/* Begin PBXVariantGroup section */
		AC83729C1C316152007578DA /* Main.storyboard */ = {
			isa = PBXVariantGroup;
			children = (
				AC83729D1C316152007578DA /* Base */,
				ACC0C6381C42EE3A007E0138 /* pt-BR */,
			);
			name = Main.storyboard;
			sourceTree = "<group>";
		};
		AC8372A11C316152007578DA /* LaunchScreen.storyboard */ = {
			isa = PBXVariantGroup;
			children = (
				AC8372A21C316152007578DA /* Base */,
				ACB83C301C3AC8E200DB3603 /* pt-BR */,
			);
			name = LaunchScreen.storyboard;
			sourceTree = "<group>";
		};
		ACB83C351C3AC96F00DB3603 /* Localizable.strings */ = {
			isa = PBXVariantGroup;
			children = (
				ACB83C341C3AC96F00DB3603 /* Base */,
				ACB83C381C3AC9CA00DB3603 /* pt-BR */,
			);
			name = Localizable.strings;
			sourceTree = "<group>";
		};
/* End PBXVariantGroup section */

/* Begin XCBuildConfiguration section */
		AC538D501C4974C300373095 /* Debug */ = {
			isa = XCBuildConfiguration;
			buildSettings = {
				BUNDLE_LOADER = "$(TEST_HOST)";
				INFOPLIST_FILE = CaxetaTests/Info.plist;
				LD_RUNPATH_SEARCH_PATHS = "$(inherited) @executable_path/Frameworks @loader_path/Frameworks";
				PRODUCT_BUNDLE_IDENTIFIER = com.possebom.CaxetaTests;
				PRODUCT_NAME = "$(TARGET_NAME)";
				TEST_HOST = "$(BUILT_PRODUCTS_DIR)/Caxeta.app/Caxeta";
			};
			name = Debug;
		};
		AC538D511C4974C300373095 /* Release */ = {
			isa = XCBuildConfiguration;
			buildSettings = {
				BUNDLE_LOADER = "$(TEST_HOST)";
				INFOPLIST_FILE = CaxetaTests/Info.plist;
				LD_RUNPATH_SEARCH_PATHS = "$(inherited) @executable_path/Frameworks @loader_path/Frameworks";
				PRODUCT_BUNDLE_IDENTIFIER = com.possebom.CaxetaTests;
				PRODUCT_NAME = "$(TARGET_NAME)";
				TEST_HOST = "$(BUILT_PRODUCTS_DIR)/Caxeta.app/Caxeta";
			};
			name = Release;
		};
		AC8372A51C316152007578DA /* Debug */ = {
			isa = XCBuildConfiguration;
			buildSettings = {
				ALWAYS_SEARCH_USER_PATHS = NO;
				CLANG_CXX_LANGUAGE_STANDARD = "gnu++0x";
				CLANG_CXX_LIBRARY = "libc++";
				CLANG_ENABLE_MODULES = YES;
				CLANG_ENABLE_OBJC_ARC = YES;
				CLANG_WARN_BOOL_CONVERSION = YES;
				CLANG_WARN_CONSTANT_CONVERSION = YES;
				CLANG_WARN_DIRECT_OBJC_ISA_USAGE = YES_ERROR;
				CLANG_WARN_EMPTY_BODY = YES;
				CLANG_WARN_ENUM_CONVERSION = YES;
				CLANG_WARN_INT_CONVERSION = YES;
				CLANG_WARN_OBJC_ROOT_CLASS = YES_ERROR;
				CLANG_WARN_UNREACHABLE_CODE = YES;
				CLANG_WARN__DUPLICATE_METHOD_MATCH = YES;
				"CODE_SIGN_IDENTITY[sdk=iphoneos*]" = "iPhone Developer";
				COPY_PHASE_STRIP = NO;
				DEBUG_INFORMATION_FORMAT = dwarf;
				ENABLE_STRICT_OBJC_MSGSEND = YES;
				ENABLE_TESTABILITY = YES;
				GCC_C_LANGUAGE_STANDARD = gnu99;
				GCC_DYNAMIC_NO_PIC = NO;
				GCC_NO_COMMON_BLOCKS = YES;
				GCC_OPTIMIZATION_LEVEL = 0;
				GCC_PREPROCESSOR_DEFINITIONS = (
					"DEBUG=1",
					"$(inherited)",
				);
				GCC_WARN_64_TO_32_BIT_CONVERSION = YES;
				GCC_WARN_ABOUT_RETURN_TYPE = YES_ERROR;
				GCC_WARN_UNDECLARED_SELECTOR = YES;
				GCC_WARN_UNINITIALIZED_AUTOS = YES_AGGRESSIVE;
				GCC_WARN_UNUSED_FUNCTION = YES;
				GCC_WARN_UNUSED_VARIABLE = YES;
				IPHONEOS_DEPLOYMENT_TARGET = 9.2;
				MTL_ENABLE_DEBUG_INFO = YES;
				ONLY_ACTIVE_ARCH = YES;
				SDKROOT = iphoneos;
				SWIFT_OPTIMIZATION_LEVEL = "-Onone";
			};
			name = Debug;
		};
		AC8372A61C316152007578DA /* Release */ = {
			isa = XCBuildConfiguration;
			buildSettings = {
				ALWAYS_SEARCH_USER_PATHS = NO;
				CLANG_CXX_LANGUAGE_STANDARD = "gnu++0x";
				CLANG_CXX_LIBRARY = "libc++";
				CLANG_ENABLE_MODULES = YES;
				CLANG_ENABLE_OBJC_ARC = YES;
				CLANG_WARN_BOOL_CONVERSION = YES;
				CLANG_WARN_CONSTANT_CONVERSION = YES;
				CLANG_WARN_DIRECT_OBJC_ISA_USAGE = YES_ERROR;
				CLANG_WARN_EMPTY_BODY = YES;
				CLANG_WARN_ENUM_CONVERSION = YES;
				CLANG_WARN_INT_CONVERSION = YES;
				CLANG_WARN_OBJC_ROOT_CLASS = YES_ERROR;
				CLANG_WARN_UNREACHABLE_CODE = YES;
				CLANG_WARN__DUPLICATE_METHOD_MATCH = YES;
				"CODE_SIGN_IDENTITY[sdk=iphoneos*]" = "iPhone Developer";
				COPY_PHASE_STRIP = NO;
				DEBUG_INFORMATION_FORMAT = "dwarf-with-dsym";
				ENABLE_NS_ASSERTIONS = NO;
				ENABLE_STRICT_OBJC_MSGSEND = YES;
				GCC_C_LANGUAGE_STANDARD = gnu99;
				GCC_NO_COMMON_BLOCKS = YES;
				GCC_WARN_64_TO_32_BIT_CONVERSION = YES;
				GCC_WARN_ABOUT_RETURN_TYPE = YES_ERROR;
				GCC_WARN_UNDECLARED_SELECTOR = YES;
				GCC_WARN_UNINITIALIZED_AUTOS = YES_AGGRESSIVE;
				GCC_WARN_UNUSED_FUNCTION = YES;
				GCC_WARN_UNUSED_VARIABLE = YES;
				IPHONEOS_DEPLOYMENT_TARGET = 9.2;
				MTL_ENABLE_DEBUG_INFO = NO;
				SDKROOT = iphoneos;
				VALIDATE_PRODUCT = YES;
			};
			name = Release;
		};
		AC8372A81C316152007578DA /* Debug */ = {
			isa = XCBuildConfiguration;
			buildSettings = {
				ASSETCATALOG_COMPILER_APPICON_NAME = AppIcon;
				CLANG_ENABLE_MODULES = YES;
				CODE_SIGN_IDENTITY = "iPhone Developer";
				"CODE_SIGN_IDENTITY[sdk=iphoneos*]" = "iPhone Developer";
				GCC_SYMBOLS_PRIVATE_EXTERN = NO;
				INFOPLIST_FILE = Caxeta/Info.plist;
				LD_RUNPATH_SEARCH_PATHS = "$(inherited) @executable_path/Frameworks";
				PRODUCT_BUNDLE_IDENTIFIER = com.possebom.Caxeta;
				PRODUCT_NAME = "$(TARGET_NAME)";
				PROVISIONING_PROFILE = "";
				SWIFT_OBJC_BRIDGING_HEADER = "Caxeta/Caxeta-Bridging-Header.h";
				SWIFT_OPTIMIZATION_LEVEL = "-Onone";
			};
			name = Debug;
		};
		AC8372A91C316152007578DA /* Release */ = {
			isa = XCBuildConfiguration;
			buildSettings = {
				ASSETCATALOG_COMPILER_APPICON_NAME = AppIcon;
				CLANG_ENABLE_MODULES = YES;
				CODE_SIGN_IDENTITY = "iPhone Developer";
				"CODE_SIGN_IDENTITY[sdk=iphoneos*]" = "iPhone Developer";
				INFOPLIST_FILE = Caxeta/Info.plist;
				LD_RUNPATH_SEARCH_PATHS = "$(inherited) @executable_path/Frameworks";
				PRODUCT_BUNDLE_IDENTIFIER = com.possebom.Caxeta;
				PRODUCT_NAME = "$(TARGET_NAME)";
				PROVISIONING_PROFILE = "";
				SWIFT_OBJC_BRIDGING_HEADER = "Caxeta/Caxeta-Bridging-Header.h";
			};
			name = Release;
		};
/* End XCBuildConfiguration section */

/* Begin XCConfigurationList section */
		AC538D521C4974C300373095 /* Build configuration list for PBXNativeTarget "CaxetaTests" */ = {
			isa = XCConfigurationList;
			buildConfigurations = (
				AC538D501C4974C300373095 /* Debug */,
				AC538D511C4974C300373095 /* Release */,
			);
			defaultConfigurationIsVisible = 0;
			defaultConfigurationName = Release;
		};
		AC8372901C316152007578DA /* Build configuration list for PBXProject "Caxeta" */ = {
			isa = XCConfigurationList;
			buildConfigurations = (
				AC8372A51C316152007578DA /* Debug */,
				AC8372A61C316152007578DA /* Release */,
			);
			defaultConfigurationIsVisible = 0;
			defaultConfigurationName = Release;
		};
		AC8372A71C316152007578DA /* Build configuration list for PBXNativeTarget "Caxeta" */ = {
			isa = XCConfigurationList;
			buildConfigurations = (
				AC8372A81C316152007578DA /* Debug */,
				AC8372A91C316152007578DA /* Release */,
			);
			defaultConfigurationIsVisible = 0;
			defaultConfigurationName = Release;
		};
/* End XCConfigurationList section */
	};
	rootObject = AC83728D1C316152007578DA /* Project object */;
}
